
Microsoft Visual Studio Solution File, Format Version 12.00
# Visual Studio Version 16
VisualStudioVersion = 16.0.33328.57
MinimumVisualStudioVersion = 10.0.40219.1
Project("{FAE04EC0-301F-11D3-BF4B-00C04F79EFBC}") = "BankWindow", "BankWindow\BankWindow.csproj", "{C1DB6A58-0249-4511-860D-D560CA632A50}"
EndProject
Project("{FAE04EC0-301F-11D3-BF4B-00C04F79EFBC}") = "Account", "Account\Account.csproj", "{F405B32E-64CD-4D2D-A558-009ADA44C5C5}"
EndProject
Global
	GlobalSection(SolutionConfigurationPlatforms) = preSolution
		Debug|Any CPU = Debug|Any CPU
		Release|Any CPU = Release|Any CPU
	EndGlobalSection
	GlobalSection(ProjectConfigurationPlatforms) = postSolution
		{C1DB6A58-0249-4511-860D-D560CA632A50}.Debug|Any CPU.ActiveCfg = Debug|Any CPU
		{C1DB6A58-0249-4511-860D-D560CA632A50}.Debug|Any CPU.Build.0 = Debug|Any CPU
		{C1DB6A58-0249-4511-860D-D560CA632A50}.Release|Any CPU.ActiveCfg = Release|Any CPU
		{C1DB6A58-0249-4511-860D-D560CA632A50}.Release|Any CPU.Build.0 = Release|Any CPU
		{F405B32E-64CD-4D2D-A558-009ADA44C5C5}.Debug|Any CPU.ActiveCfg = Debug|Any CPU
		{F405B32E-64CD-4D2D-A558-009ADA44C5C5}.Debug|Any CPU.Build.0 = Debug|Any CPU
		{F405B32E-64CD-4D2D-A558-009ADA44C5C5}.Release|Any CPU.ActiveCfg = Release|Any CPU
		{F405B32E-64CD-4D2D-A558-009ADA44C5C5}.Release|Any CPU.Build.0 = Release|Any CPU
	EndGlobalSection
	GlobalSection(SolutionProperties) = preSolution
		HideSolutionNode = FALSE
	EndGlobalSection
	GlobalSection(ExtensibilityGlobals) = postSolution
		SolutionGuid = {891FF522-50B7-49D1-A1D4-8ED5668EEEA3}
	EndGlobalSection
EndGlobal
